
Microsoft Visual Studio Solution File, Format Version 12.00
# Visual Studio Version 16
VisualStudioVersion = 16.0.31205.134
MinimumVisualStudioVersion = 10.0.40219.1
Project("{9A19103F-16F7-4668-BE54-9A1E7A4F7556}") = "DiariesForPractice", "DiariesForPractice\DiariesForPractice.csproj", "{15818E5D-7404-4B13-BC97-75135854FB32}"
EndProject
Project("{9A19103F-16F7-4668-BE54-9A1E7A4F7556}") = "DiariesForPractice.Domain", "DiariesForPractice.Domain\DiariesForPractice.Domain.csproj", "{C556642C-EB25-49FF-9BCE-5AF36E432B1E}"
EndProject
Project("{9A19103F-16F7-4668-BE54-9A1E7A4F7556}") = "DiariesForPractice.Persistence", "DiariesForPractice.Persistence\DiariesForPractice.Persistence.csproj", "{D6D1EA8B-8447-403B-90F5-AAEE969C8672}"
EndProject
Project("{FAE04EC0-301F-11D3-BF4B-00C04F79EFBC}") = "DiariesForPractice.MailWorker", "DiariesForPractice.MailWorker\DiariesForPractice.MailWorker.csproj", "{8872FF26-0F7E-4114-BFF9-29D23C4C6501}"
EndProject
Project("{FAE04EC0-301F-11D3-BF4B-00C04F79EFBC}") = "DiariesForPractice.MonitoringWorker", "DiariesForPractice.MonitoringWorker\DiariesForPractice.MonitoringWorker.csproj", "{1D235B3D-D031-43DA-9B7B-316888DA9831}"
EndProject
Project("{FAE04EC0-301F-11D3-BF4B-00C04F79EFBC}") = "DiariesForPractice.DiariesGenerator", "DiariesForPractice.DiariesGenerator\DiariesForPractice.DiariesGenerator.csproj", "{3DD6B37E-C697-4F0D-A749-FEAA8AEA024B}"
EndProject
Project("{FAE04EC0-301F-11D3-BF4B-00C04F79EFBC}") = "DiariesForPractice.Tests", "DiariesForPractice.Tests\DiariesForPractice.Tests.csproj", "{78E12416-D8DC-4264-AE7D-269396D2C027}"
EndProject
Global
	GlobalSection(SolutionConfigurationPlatforms) = preSolution
		Debug|Any CPU = Debug|Any CPU
		Release|Any CPU = Release|Any CPU
	EndGlobalSection
	GlobalSection(ProjectConfigurationPlatforms) = postSolution
		{15818E5D-7404-4B13-BC97-75135854FB32}.Debug|Any CPU.ActiveCfg = Debug|Any CPU
		{15818E5D-7404-4B13-BC97-75135854FB32}.Debug|Any CPU.Build.0 = Debug|Any CPU
		{15818E5D-7404-4B13-BC97-75135854FB32}.Release|Any CPU.ActiveCfg = Release|Any CPU
		{15818E5D-7404-4B13-BC97-75135854FB32}.Release|Any CPU.Build.0 = Release|Any CPU
		{C556642C-EB25-49FF-9BCE-5AF36E432B1E}.Debug|Any CPU.ActiveCfg = Debug|Any CPU
		{C556642C-EB25-49FF-9BCE-5AF36E432B1E}.Debug|Any CPU.Build.0 = Debug|Any CPU
		{C556642C-EB25-49FF-9BCE-5AF36E432B1E}.Release|Any CPU.ActiveCfg = Release|Any CPU
		{C556642C-EB25-49FF-9BCE-5AF36E432B1E}.Release|Any CPU.Build.0 = Release|Any CPU
		{D6D1EA8B-8447-403B-90F5-AAEE969C8672}.Debug|Any CPU.ActiveCfg = Debug|Any CPU
		{D6D1EA8B-8447-403B-90F5-AAEE969C8672}.Debug|Any CPU.Build.0 = Debug|Any CPU
		{D6D1EA8B-8447-403B-90F5-AAEE969C8672}.Release|Any CPU.ActiveCfg = Release|Any CPU
		{D6D1EA8B-8447-403B-90F5-AAEE969C8672}.Release|Any CPU.Build.0 = Release|Any CPU
		{8872FF26-0F7E-4114-BFF9-29D23C4C6501}.Debug|Any CPU.ActiveCfg = Debug|Any CPU
		{8872FF26-0F7E-4114-BFF9-29D23C4C6501}.Debug|Any CPU.Build.0 = Debug|Any CPU
		{8872FF26-0F7E-4114-BFF9-29D23C4C6501}.Release|Any CPU.ActiveCfg = Release|Any CPU
		{8872FF26-0F7E-4114-BFF9-29D23C4C6501}.Release|Any CPU.Build.0 = Release|Any CPU
		{1D235B3D-D031-43DA-9B7B-316888DA9831}.Debug|Any CPU.ActiveCfg = Debug|Any CPU
		{1D235B3D-D031-43DA-9B7B-316888DA9831}.Debug|Any CPU.Build.0 = Debug|Any CPU
		{1D235B3D-D031-43DA-9B7B-316888DA9831}.Release|Any CPU.ActiveCfg = Release|Any CPU
		{1D235B3D-D031-43DA-9B7B-316888DA9831}.Release|Any CPU.Build.0 = Release|Any CPU
		{3DD6B37E-C697-4F0D-A749-FEAA8AEA024B}.Debug|Any CPU.ActiveCfg = Debug|Any CPU
		{3DD6B37E-C697-4F0D-A749-FEAA8AEA024B}.Debug|Any CPU.Build.0 = Debug|Any CPU
		{3DD6B37E-C697-4F0D-A749-FEAA8AEA024B}.Release|Any CPU.ActiveCfg = Release|Any CPU
		{3DD6B37E-C697-4F0D-A749-FEAA8AEA024B}.Release|Any CPU.Build.0 = Release|Any CPU
		{78E12416-D8DC-4264-AE7D-269396D2C027}.Debug|Any CPU.ActiveCfg = Debug|Any CPU
		{78E12416-D8DC-4264-AE7D-269396D2C027}.Debug|Any CPU.Build.0 = Debug|Any CPU
		{78E12416-D8DC-4264-AE7D-269396D2C027}.Release|Any CPU.ActiveCfg = Release|Any CPU
		{78E12416-D8DC-4264-AE7D-269396D2C027}.Release|Any CPU.Build.0 = Release|Any CPU
	EndGlobalSection
	GlobalSection(SolutionProperties) = preSolution
		HideSolutionNode = FALSE
	EndGlobalSection
	GlobalSection(ExtensibilityGlobals) = postSolution
		SolutionGuid = {0669EE0E-564C-4E07-AF9A-9E282ED93232}
	EndGlobalSection
EndGlobal
